
Microsoft Visual Studio Solution File, Format Version 12.00
# Visual Studio Version 17
VisualStudioVersion = 17.8.34322.80
MinimumVisualStudioVersion = 10.0.40219.1
Project("{FAE04EC0-301F-11D3-BF4B-00C04F79EFBC}") = "LibraryManagementSystemWithEF", "LibraryManagementSystemWithEF.csproj", "{32D5CFBF-74F9-4D26-84CE-18210D9EFE9C}"
EndProject
Global
	GlobalSection(SolutionConfigurationPlatforms) = preSolution
		Debug|Any CPU = Debug|Any CPU
		Release|Any CPU = Release|Any CPU
	EndGlobalSection
	GlobalSection(ProjectConfigurationPlatforms) = postSolution
		{32D5CFBF-74F9-4D26-84CE-18210D9EFE9C}.Debug|Any CPU.ActiveCfg = Debug|Any CPU
		{32D5CFBF-74F9-4D26-84CE-18210D9EFE9C}.Debug|Any CPU.Build.0 = Debug|Any CPU
		{32D5CFBF-74F9-4D26-84CE-18210D9EFE9C}.Release|Any CPU.ActiveCfg = Release|Any CPU
		{32D5CFBF-74F9-4D26-84CE-18210D9EFE9C}.Release|Any CPU.Build.0 = Release|Any CPU
	EndGlobalSection
	GlobalSection(SolutionProperties) = preSolution
		HideSolutionNode = FALSE
	EndGlobalSection
	GlobalSection(ExtensibilityGlobals) = postSolution
		SolutionGuid = {DD699AA2-2C9A-4B85-BB3A-92197C753ACB}
	EndGlobalSection
EndGlobal
