
Microsoft Visual Studio Solution File, Format Version 12.00
# Visual Studio Version 17
VisualStudioVersion = 17.8.34322.80
MinimumVisualStudioVersion = 10.0.40219.1
Project("{9A19103F-16F7-4668-BE54-9A1E7A4F7556}") = "Attributes", "Attributes.csproj", "{3023FD86-557A-4257-AF43-6582446E62B9}"
EndProject
Global
	GlobalSection(SolutionConfigurationPlatforms) = preSolution
		Debug|Any CPU = Debug|Any CPU
		Release|Any CPU = Release|Any CPU
	EndGlobalSection
	GlobalSection(ProjectConfigurationPlatforms) = postSolution
		{3023FD86-557A-4257-AF43-6582446E62B9}.Debug|Any CPU.ActiveCfg = Debug|Any CPU
		{3023FD86-557A-4257-AF43-6582446E62B9}.Debug|Any CPU.Build.0 = Debug|Any CPU
		{3023FD86-557A-4257-AF43-6582446E62B9}.Release|Any CPU.ActiveCfg = Release|Any CPU
		{3023FD86-557A-4257-AF43-6582446E62B9}.Release|Any CPU.Build.0 = Release|Any CPU
	EndGlobalSection
	GlobalSection(SolutionProperties) = preSolution
		HideSolutionNode = FALSE
	EndGlobalSection
	GlobalSection(ExtensibilityGlobals) = postSolution
		SolutionGuid = {524D180E-D8C6-4152-B64C-4ED6E218EE4E}
	EndGlobalSection
EndGlobal
